
Microsoft Visual Studio Solution File, Format Version 12.00
# Visual Studio Version 17
VisualStudioVersion = 17.14.36202.13 d17.14
MinimumVisualStudioVersion = 10.0.40219.1
Project("{FAE04EC0-301F-11D3-BF4B-00C04F79EFBC}") = "AseerAlkotb.API", "AseerAlkotb.API\AseerAlkotb.API.csproj", "{ADD31CF6-1CE2-4B2E-B51F-64D795BA4C14}"
EndProject
Project("{FAE04EC0-301F-11D3-BF4B-00C04F79EFBC}") = "AseerAlkotb.Domain", "AseerAlkotb.Domain\AseerAlkotb.Domain.csproj", "{0A045633-BA80-4B10-9031-226DA05A10EF}"
EndProject
Project("{FAE04EC0-301F-11D3-BF4B-00C04F79EFBC}") = "AseerAlkotb.Infrastructure", "AseerAlkotb.Infrastructure\AseerAlkotb.Infrastructure.csproj", "{BF432790-7969-4981-9274-732CE0B8025C}"
EndProject
Project("{FAE04EC0-301F-11D3-BF4B-00C04F79EFBC}") = "AseerAlkotb.Application", "AseerAlkotb.Application\AseerAlkotb.Application.csproj", "{AC1744EE-217D-49EB-B28F-F618E60FEB68}"
EndProject
Project("{FAE04EC0-301F-11D3-BF4B-00C04F79EFBC}") = "AseerAlkotb.Dashboard", "AseerAlkotb.Dashboard\AseerAlkotb.Dashboard.csproj", "{C4FA6FCC-5A55-43D0-8C3A-D3EF66740D61}"
EndProject
Global
	GlobalSection(SolutionConfigurationPlatforms) = preSolution
		Debug|Any CPU = Debug|Any CPU
		Release|Any CPU = Release|Any CPU
	EndGlobalSection
	GlobalSection(ProjectConfigurationPlatforms) = postSolution
		{ADD31CF6-1CE2-4B2E-B51F-64D795BA4C14}.Debug|Any CPU.ActiveCfg = Debug|Any CPU
		{ADD31CF6-1CE2-4B2E-B51F-64D795BA4C14}.Debug|Any CPU.Build.0 = Debug|Any CPU
		{ADD31CF6-1CE2-4B2E-B51F-64D795BA4C14}.Release|Any CPU.ActiveCfg = Release|Any CPU
		{ADD31CF6-1CE2-4B2E-B51F-64D795BA4C14}.Release|Any CPU.Build.0 = Release|Any CPU
		{0A045633-BA80-4B10-9031-226DA05A10EF}.Debug|Any CPU.ActiveCfg = Debug|Any CPU
		{0A045633-BA80-4B10-9031-226DA05A10EF}.Debug|Any CPU.Build.0 = Debug|Any CPU
		{0A045633-BA80-4B10-9031-226DA05A10EF}.Release|Any CPU.ActiveCfg = Release|Any CPU
		{0A045633-BA80-4B10-9031-226DA05A10EF}.Release|Any CPU.Build.0 = Release|Any CPU
		{BF432790-7969-4981-9274-732CE0B8025C}.Debug|Any CPU.ActiveCfg = Debug|Any CPU
		{BF432790-7969-4981-9274-732CE0B8025C}.Debug|Any CPU.Build.0 = Debug|Any CPU
		{BF432790-7969-4981-9274-732CE0B8025C}.Release|Any CPU.ActiveCfg = Release|Any CPU
		{BF432790-7969-4981-9274-732CE0B8025C}.Release|Any CPU.Build.0 = Release|Any CPU
		{AC1744EE-217D-49EB-B28F-F618E60FEB68}.Debug|Any CPU.ActiveCfg = Debug|Any CPU
		{AC1744EE-217D-49EB-B28F-F618E60FEB68}.Debug|Any CPU.Build.0 = Debug|Any CPU
		{AC1744EE-217D-49EB-B28F-F618E60FEB68}.Release|Any CPU.ActiveCfg = Release|Any CPU
		{AC1744EE-217D-49EB-B28F-F618E60FEB68}.Release|Any CPU.Build.0 = Release|Any CPU
		{C4FA6FCC-5A55-43D0-8C3A-D3EF66740D61}.Debug|Any CPU.ActiveCfg = Debug|Any CPU
		{C4FA6FCC-5A55-43D0-8C3A-D3EF66740D61}.Debug|Any CPU.Build.0 = Debug|Any CPU
		{C4FA6FCC-5A55-43D0-8C3A-D3EF66740D61}.Release|Any CPU.ActiveCfg = Release|Any CPU
		{C4FA6FCC-5A55-43D0-8C3A-D3EF66740D61}.Release|Any CPU.Build.0 = Release|Any CPU
	EndGlobalSection
	GlobalSection(SolutionProperties) = preSolution
		HideSolutionNode = FALSE
	EndGlobalSection
	GlobalSection(ExtensibilityGlobals) = postSolution
		SolutionGuid = {F014803F-CF87-4B09-B4D8-5BDB1CBD95A5}
	EndGlobalSection
EndGlobal
